
Microsoft Visual Studio Solution File, Format Version 12.00
# Visual Studio Version 16
VisualStudioVersion = 16.0.30114.105
MinimumVisualStudioVersion = 10.0.40219.1
Project("{FAE04EC0-301F-11D3-BF4B-00C04F79EFBC}") = "netgraph.core.library", "netgraph.core.library\netgraph.core.library.csproj", "{B442A2A7-06EE-46C4-9672-2C6501CE6E60}"
EndProject
Project("{FAE04EC0-301F-11D3-BF4B-00C04F79EFBC}") = "netgraph.core.tests", "netgraph.core.tests\netgraph.core.tests.csproj", "{D835427C-DA65-4DB2-B765-A5AA62EDCE4D}"
EndProject
Global
	GlobalSection(SolutionConfigurationPlatforms) = preSolution
		Debug|Any CPU = Debug|Any CPU
		Debug|x64 = Debug|x64
		Debug|x86 = Debug|x86
		Release|Any CPU = Release|Any CPU
		Release|x64 = Release|x64
		Release|x86 = Release|x86
	EndGlobalSection
	GlobalSection(SolutionProperties) = preSolution
		HideSolutionNode = FALSE
	EndGlobalSection
	GlobalSection(ProjectConfigurationPlatforms) = postSolution
		{B442A2A7-06EE-46C4-9672-2C6501CE6E60}.Debug|Any CPU.ActiveCfg = Debug|Any CPU
		{B442A2A7-06EE-46C4-9672-2C6501CE6E60}.Debug|Any CPU.Build.0 = Debug|Any CPU
		{B442A2A7-06EE-46C4-9672-2C6501CE6E60}.Debug|x64.ActiveCfg = Debug|Any CPU
		{B442A2A7-06EE-46C4-9672-2C6501CE6E60}.Debug|x64.Build.0 = Debug|Any CPU
		{B442A2A7-06EE-46C4-9672-2C6501CE6E60}.Debug|x86.ActiveCfg = Debug|Any CPU
		{B442A2A7-06EE-46C4-9672-2C6501CE6E60}.Debug|x86.Build.0 = Debug|Any CPU
		{B442A2A7-06EE-46C4-9672-2C6501CE6E60}.Release|Any CPU.ActiveCfg = Release|Any CPU
		{B442A2A7-06EE-46C4-9672-2C6501CE6E60}.Release|Any CPU.Build.0 = Release|Any CPU
		{B442A2A7-06EE-46C4-9672-2C6501CE6E60}.Release|x64.ActiveCfg = Release|Any CPU
		{B442A2A7-06EE-46C4-9672-2C6501CE6E60}.Release|x64.Build.0 = Release|Any CPU
		{B442A2A7-06EE-46C4-9672-2C6501CE6E60}.Release|x86.ActiveCfg = Release|Any CPU
		{B442A2A7-06EE-46C4-9672-2C6501CE6E60}.Release|x86.Build.0 = Release|Any CPU
		{D835427C-DA65-4DB2-B765-A5AA62EDCE4D}.Debug|Any CPU.ActiveCfg = Debug|Any CPU
		{D835427C-DA65-4DB2-B765-A5AA62EDCE4D}.Debug|Any CPU.Build.0 = Debug|Any CPU
		{D835427C-DA65-4DB2-B765-A5AA62EDCE4D}.Debug|x64.ActiveCfg = Debug|Any CPU
		{D835427C-DA65-4DB2-B765-A5AA62EDCE4D}.Debug|x64.Build.0 = Debug|Any CPU
		{D835427C-DA65-4DB2-B765-A5AA62EDCE4D}.Debug|x86.ActiveCfg = Debug|Any CPU
		{D835427C-DA65-4DB2-B765-A5AA62EDCE4D}.Debug|x86.Build.0 = Debug|Any CPU
		{D835427C-DA65-4DB2-B765-A5AA62EDCE4D}.Release|Any CPU.ActiveCfg = Release|Any CPU
		{D835427C-DA65-4DB2-B765-A5AA62EDCE4D}.Release|Any CPU.Build.0 = Release|Any CPU
		{D835427C-DA65-4DB2-B765-A5AA62EDCE4D}.Release|x64.ActiveCfg = Release|Any CPU
		{D835427C-DA65-4DB2-B765-A5AA62EDCE4D}.Release|x64.Build.0 = Release|Any CPU
		{D835427C-DA65-4DB2-B765-A5AA62EDCE4D}.Release|x86.ActiveCfg = Release|Any CPU
		{D835427C-DA65-4DB2-B765-A5AA62EDCE4D}.Release|x86.Build.0 = Release|Any CPU
	EndGlobalSection
EndGlobal
